
Microsoft Visual Studio Solution File, Format Version 12.00
# Visual Studio Version 17
VisualStudioVersion = 17.5.33502.453
MinimumVisualStudioVersion = 10.0.40219.1
Project("{FAE04EC0-301F-11D3-BF4B-00C04F79EFBC}") = "Cobrapp", "Cobrapp.csproj", "{2D21E80F-A7FC-4393-BEA4-220BE7EAA36F}"
EndProject
Global
	GlobalSection(SolutionConfigurationPlatforms) = preSolution
		Debug|Any CPU = Debug|Any CPU
		Release|Any CPU = Release|Any CPU
	EndGlobalSection
	GlobalSection(ProjectConfigurationPlatforms) = postSolution
		{2D21E80F-A7FC-4393-BEA4-220BE7EAA36F}.Debug|Any CPU.ActiveCfg = Debug|Any CPU
		{2D21E80F-A7FC-4393-BEA4-220BE7EAA36F}.Debug|Any CPU.Build.0 = Debug|Any CPU
		{2D21E80F-A7FC-4393-BEA4-220BE7EAA36F}.Release|Any CPU.ActiveCfg = Release|Any CPU
		{2D21E80F-A7FC-4393-BEA4-220BE7EAA36F}.Release|Any CPU.Build.0 = Release|Any CPU
	EndGlobalSection
	GlobalSection(SolutionProperties) = preSolution
		HideSolutionNode = FALSE
	EndGlobalSection
	GlobalSection(ExtensibilityGlobals) = postSolution
		SolutionGuid = {042CBD1D-953F-429F-BCCD-454B38146BE6}
	EndGlobalSection
EndGlobal
